
Microsoft Visual Studio Solution File, Format Version 12.00
# Visual Studio 15
VisualStudioVersion = 15.0.27004.2008
MinimumVisualStudioVersion = 10.0.40219.1
Project("{FAE04EC0-301F-11D3-BF4B-00C04F79EFBC}") = "WpfApp1", "WpfApp1\WpfApp1.csproj", "{56551D3D-030F-4C51-9B72-BB69A5C7162B}"
EndProject
Global
	GlobalSection(SolutionConfigurationPlatforms) = preSolution
		Debug|Any CPU = Debug|Any CPU
		Release|Any CPU = Release|Any CPU
	EndGlobalSection
	GlobalSection(ProjectConfigurationPlatforms) = postSolution
		{56551D3D-030F-4C51-9B72-BB69A5C7162B}.Debug|Any CPU.ActiveCfg = Debug|Any CPU
		{56551D3D-030F-4C51-9B72-BB69A5C7162B}.Debug|Any CPU.Build.0 = Debug|Any CPU
		{56551D3D-030F-4C51-9B72-BB69A5C7162B}.Release|Any CPU.ActiveCfg = Release|Any CPU
		{56551D3D-030F-4C51-9B72-BB69A5C7162B}.Release|Any CPU.Build.0 = Release|Any CPU
	EndGlobalSection
	GlobalSection(SolutionProperties) = preSolution
		HideSolutionNode = FALSE
	EndGlobalSection
	GlobalSection(ExtensibilityGlobals) = postSolution
		SolutionGuid = {EC23533A-74DD-4283-BAA8-60FAA8DEC47C}
	EndGlobalSection
EndGlobal
